// !$*UTF8*$!
{
	archiveVersion = 1;
	classes = {
	};
	objectVersion = 55;
	objects = {

/* Begin PBXBuildFile section */
		9A50BC34287F62300066A0B5 /* genreCell.swift in Sources */ = {isa = PBXBuildFile; fileRef = 9A50BC32287F62300066A0B5 /* genreCell.swift */; };
		9A6A63FB287CB97C004A3161 /* AppDelegate.swift in Sources */ = {isa = PBXBuildFile; fileRef = 9A6A63FA287CB97C004A3161 /* AppDelegate.swift */; };
		9A6A63FD287CB97C004A3161 /* SceneDelegate.swift in Sources */ = {isa = PBXBuildFile; fileRef = 9A6A63FC287CB97C004A3161 /* SceneDelegate.swift */; };
		9A6A63FF287CB97C004A3161 /* ViewController.swift in Sources */ = {isa = PBXBuildFile; fileRef = 9A6A63FE287CB97C004A3161 /* ViewController.swift */; };
		9A6A6402287CB97C004A3161 /* Main.storyboard in Resources */ = {isa = PBXBuildFile; fileRef = 9A6A6400287CB97C004A3161 /* Main.storyboard */; };
		9A6A6404287CB97E004A3161 /* Assets.xcassets in Resources */ = {isa = PBXBuildFile; fileRef = 9A6A6403287CB97E004A3161 /* Assets.xcassets */; };
		9A6A6407287CB97E004A3161 /* LaunchScreen.storyboard in Resources */ = {isa = PBXBuildFile; fileRef = 9A6A6405287CB97E004A3161 /* LaunchScreen.storyboard */; };
		9A6A6410287CBA34004A3161 /* MovieModel.swift in Sources */ = {isa = PBXBuildFile; fileRef = 9A6A640F287CBA34004A3161 /* MovieModel.swift */; };
		9A7BAD7128803D9B00A1710A /* SameGenreMovieCollectionViewCell.swift in Sources */ = {isa = PBXBuildFile; fileRef = 9A7BAD6F28803D9A00A1710A /* SameGenreMovieCollectionViewCell.swift */; };
		9ADEAE9B287CC3EA0003F9A1 /* MoviesTableViewCell.swift in Sources */ = {isa = PBXBuildFile; fileRef = 9ADEAE99287CC3EA0003F9A1 /* MoviesTableViewCell.swift */; };
		9ADEAE9C287CC3EA0003F9A1 /* MoviesTableViewCell.xib in Resources */ = {isa = PBXBuildFile; fileRef = 9ADEAE9A287CC3EA0003F9A1 /* MoviesTableViewCell.xib */; };
		9ADEAE9E287CDC740003F9A1 /* MovieDetails.storyboard in Resources */ = {isa = PBXBuildFile; fileRef = 9ADEAE9D287CDC740003F9A1 /* MovieDetails.storyboard */; };
		9ADEAEA0287CDC8E0003F9A1 /* MovieDetailsViewController.swift in Sources */ = {isa = PBXBuildFile; fileRef = 9ADEAE9F287CDC8E0003F9A1 /* MovieDetailsViewController.swift */; };
/* End PBXBuildFile section */

/* Begin PBXFileReference section */
		9A50BC32287F62300066A0B5 /* genreCell.swift */ = {isa = PBXFileReference; lastKnownFileType = sourcecode.swift; path = genreCell.swift; sourceTree = "<group>"; };
		9A6A63F7287CB97C004A3161 /* Galaktion Nizharadze, Assignment #15.app */ = {isa = PBXFileReference; explicitFileType = wrapper.application; includeInIndex = 0; path = "Galaktion Nizharadze, Assignment #15.app"; sourceTree = BUILT_PRODUCTS_DIR; };
		9A6A63FA287CB97C004A3161 /* AppDelegate.swift */ = {isa = PBXFileReference; lastKnownFileType = sourcecode.swift; path = AppDelegate.swift; sourceTree = "<group>"; };
		9A6A63FC287CB97C004A3161 /* SceneDelegate.swift */ = {isa = PBXFileReference; lastKnownFileType = sourcecode.swift; path = SceneDelegate.swift; sourceTree = "<group>"; };
		9A6A63FE287CB97C004A3161 /* ViewController.swift */ = {isa = PBXFileReference; lastKnownFileType = sourcecode.swift; path = ViewController.swift; sourceTree = "<group>"; };
		9A6A6401287CB97C004A3161 /* Base */ = {isa = PBXFileReference; lastKnownFileType = file.storyboard; name = Base; path = Base.lproj/Main.storyboard; sourceTree = "<group>"; };
		9A6A6403287CB97E004A3161 /* Assets.xcassets */ = {isa = PBXFileReference; lastKnownFileType = folder.assetcatalog; path = Assets.xcassets; sourceTree = "<group>"; };
		9A6A6406287CB97E004A3161 /* Base */ = {isa = PBXFileReference; lastKnownFileType = file.storyboard; name = Base; path = Base.lproj/LaunchScreen.storyboard; sourceTree = "<group>"; };
		9A6A6408287CB97E004A3161 /* Info.plist */ = {isa = PBXFileReference; lastKnownFileType = text.plist.xml; path = Info.plist; sourceTree = "<group>"; };
		9A6A640F287CBA34004A3161 /* MovieModel.swift */ = {isa = PBXFileReference; lastKnownFileType = sourcecode.swift; path = MovieModel.swift; sourceTree = "<group>"; };
		9A7BAD6F28803D9A00A1710A /* SameGenreMovieCollectionViewCell.swift */ = {isa = PBXFileReference; lastKnownFileType = sourcecode.swift; path = SameGenreMovieCollectionViewCell.swift; sourceTree = "<group>"; };
		9ADEAE99287CC3EA0003F9A1 /* MoviesTableViewCell.swift */ = {isa = PBXFileReference; lastKnownFileType = sourcecode.swift; path = MoviesTableViewCell.swift; sourceTree = "<group>"; };
		9ADEAE9A287CC3EA0003F9A1 /* MoviesTableViewCell.xib */ = {isa = PBXFileReference; lastKnownFileType = file.xib; path = MoviesTableViewCell.xib; sourceTree = "<group>"; };
		9ADEAE9D287CDC740003F9A1 /* MovieDetails.storyboard */ = {isa = PBXFileReference; lastKnownFileType = file.storyboard; path = MovieDetails.storyboard; sourceTree = "<group>"; };
		9ADEAE9F287CDC8E0003F9A1 /* MovieDetailsViewController.swift */ = {isa = PBXFileReference; lastKnownFileType = sourcecode.swift; path = MovieDetailsViewController.swift; sourceTree = "<group>"; };
/* End PBXFileReference section */

/* Begin PBXFrameworksBuildPhase section */
		9A6A63F4287CB97C004A3161 /* Frameworks */ = {
			isa = PBXFrameworksBuildPhase;
			buildActionMask = 2147483647;
			files = (
			);
			runOnlyForDeploymentPostprocessing = 0;
		};
/* End PBXFrameworksBuildPhase section */

/* Begin PBXGroup section */
		9A50BC2A287F60ED0066A0B5 /* Details */ = {
			isa = PBXGroup;
			children = (
				9ADEAE9F287CDC8E0003F9A1 /* MovieDetailsViewController.swift */,
				9ADEAE9D287CDC740003F9A1 /* MovieDetails.storyboard */,
				9A7BAD6F28803D9A00A1710A /* SameGenreMovieCollectionViewCell.swift */,
			);
			path = Details;
			sourceTree = "<group>";
		};
		9A50BC2B287F61040066A0B5 /* Main */ = {
			isa = PBXGroup;
			children = (
				9A50BC2F287F61EE0066A0B5 /* CollectionView */,
				9A6A640F287CBA34004A3161 /* MovieModel.swift */,
				9A6A63FE287CB97C004A3161 /* ViewController.swift */,
				9A6A6400287CB97C004A3161 /* Main.storyboard */,
				9A50BC2E287F61E40066A0B5 /* TableView */,
			);
			path = Main;
			sourceTree = "<group>";
		};
		9A50BC2E287F61E40066A0B5 /* TableView */ = {
			isa = PBXGroup;
			children = (
				9ADEAE99287CC3EA0003F9A1 /* MoviesTableViewCell.swift */,
				9ADEAE9A287CC3EA0003F9A1 /* MoviesTableViewCell.xib */,
			);
			path = TableView;
			sourceTree = "<group>";
		};
		9A50BC2F287F61EE0066A0B5 /* CollectionView */ = {
			isa = PBXGroup;
			children = (
				9A50BC32287F62300066A0B5 /* genreCell.swift */,
			);
			path = CollectionView;
			sourceTree = "<group>";
		};
		9A6A63EE287CB97C004A3161 = {
			isa = PBXGroup;
			children = (
				9A6A63F9287CB97C004A3161 /* Galaktion Nizharadze, Assignment #15 */,
				9A6A63F8287CB97C004A3161 /* Products */,
			);
			sourceTree = "<group>";
		};
		9A6A63F8287CB97C004A3161 /* Products */ = {
			isa = PBXGroup;
			children = (
				9A6A63F7287CB97C004A3161 /* Galaktion Nizharadze, Assignment #15.app */,
			);
			name = Products;
			sourceTree = "<group>";
		};
		9A6A63F9287CB97C004A3161 /* Galaktion Nizharadze, Assignment #15 */ = {
			isa = PBXGroup;
			children = (
				9A6A640E287CB992004A3161 /* SupportingFiles */,
				9A50BC2B287F61040066A0B5 /* Main */,
				9A50BC2A287F60ED0066A0B5 /* Details */,
			);
			path = "Galaktion Nizharadze, Assignment #15";
			sourceTree = "<group>";
		};
		9A6A640E287CB992004A3161 /* SupportingFiles */ = {
			isa = PBXGroup;
			children = (
				9A6A63FA287CB97C004A3161 /* AppDelegate.swift */,
				9A6A63FC287CB97C004A3161 /* SceneDelegate.swift */,
				9A6A6403287CB97E004A3161 /* Assets.xcassets */,
				9A6A6405287CB97E004A3161 /* LaunchScreen.storyboard */,
				9A6A6408287CB97E004A3161 /* Info.plist */,
			);
			path = SupportingFiles;
			sourceTree = "<group>";
		};
/* End PBXGroup section */

/* Begin PBXNativeTarget section */
		9A6A63F6287CB97C004A3161 /* Galaktion Nizharadze, Assignment #15 */ = {
			isa = PBXNativeTarget;
			buildConfigurationList = 9A6A640B287CB97E004A3161 /* Build configuration list for PBXNativeTarget "Galaktion Nizharadze, Assignment #15" */;
			buildPhases = (
				9A6A63F3287CB97C004A3161 /* Sources */,
				9A6A63F4287CB97C004A3161 /* Frameworks */,
				9A6A63F5287CB97C004A3161 /* Resources */,
			);
			buildRules = (
			);
			dependencies = (
			);
			name = "Galaktion Nizharadze, Assignment #15";
			productName = "Galaktion Nizharadze, Assignment #15";
			productReference = 9A6A63F7287CB97C004A3161 /* Galaktion Nizharadze, Assignment #15.app */;
			productType = "com.apple.product-type.application";
		};
/* End PBXNativeTarget section */

/* Begin PBXProject section */
		9A6A63EF287CB97C004A3161 /* Project object */ = {
			isa = PBXProject;
			attributes = {
				BuildIndependentTargetsInParallel = 1;
				LastSwiftUpdateCheck = 1340;
				LastUpgradeCheck = 1340;
				TargetAttributes = {
					9A6A63F6287CB97C004A3161 = {
						CreatedOnToolsVersion = 13.4.1;
					};
				};
			};
			buildConfigurationList = 9A6A63F2287CB97C004A3161 /* Build configuration list for PBXProject "Galaktion Nizharadze, Assignment #15" */;
			compatibilityVersion = "Xcode 13.0";
			developmentRegion = en;
			hasScannedForEncodings = 0;
			knownRegions = (
				en,
				Base,
			);
			mainGroup = 9A6A63EE287CB97C004A3161;
			productRefGroup = 9A6A63F8287CB97C004A3161 /* Products */;
			projectDirPath = "";
			projectRoot = "";
			targets = (
				9A6A63F6287CB97C004A3161 /* Galaktion Nizharadze, Assignment #15 */,
			);
		};
/* End PBXProject section */

/* Begin PBXResourcesBuildPhase section */
		9A6A63F5287CB97C004A3161 /* Resources */ = {
			isa = PBXResourcesBuildPhase;
			buildActionMask = 2147483647;
			files = (
				9A6A6407287CB97E004A3161 /* LaunchScreen.storyboard in Resources */,
				9ADEAE9E287CDC740003F9A1 /* MovieDetails.storyboard in Resources */,
				9A6A6404287CB97E004A3161 /* Assets.xcassets in Resources */,
				9ADEAE9C287CC3EA0003F9A1 /* MoviesTableViewCell.xib in Resources */,
				9A6A6402287CB97C004A3161 /* Main.storyboard in Resources */,
			);
			runOnlyForDeploymentPostprocessing = 0;
		};
/* End PBXResourcesBuildPhase section */

/* Begin PBXSourcesBuildPhase section */
		9A6A63F3287CB97C004A3161 /* Sources */ = {
			isa = PBXSourcesBuildPhase;
			buildActionMask = 2147483647;
			files = (
				9A50BC34287F62300066A0B5 /* genreCell.swift in Sources */,
				9A6A6410287CBA34004A3161 /* MovieModel.swift in Sources */,
				9A6A63FF287CB97C004A3161 /* ViewController.swift in Sources */,
				9ADEAEA0287CDC8E0003F9A1 /* MovieDetailsViewController.swift in Sources */,
				9ADEAE9B287CC3EA0003F9A1 /* MoviesTableViewCell.swift in Sources */,
				9A6A63FB287CB97C004A3161 /* AppDelegate.swift in Sources */,
				9A6A63FD287CB97C004A3161 /* SceneDelegate.swift in Sources */,
				9A7BAD7128803D9B00A1710A /* SameGenreMovieCollectionViewCell.swift in Sources */,
			);
			runOnlyForDeploymentPostprocessing = 0;
		};
/* End PBXSourcesBuildPhase section */

/* Begin PBXVariantGroup section */
		9A6A6400287CB97C004A3161 /* Main.storyboard */ = {
			isa = PBXVariantGroup;
			children = (
				9A6A6401287CB97C004A3161 /* Base */,
			);
			name = Main.storyboard;
			sourceTree = "<group>";
		};
		9A6A6405287CB97E004A3161 /* LaunchScreen.storyboard */ = {
			isa = PBXVariantGroup;
			children = (
				9A6A6406287CB97E004A3161 /* Base */,
			);
			name = LaunchScreen.storyboard;
			sourceTree = "<group>";
		};
/* End PBXVariantGroup section */

/* Begin XCBuildConfiguration section */
		9A6A6409287CB97E004A3161 /* Debug */ = {
			isa = XCBuildConfiguration;
			buildSettings = {
				ALWAYS_SEARCH_USER_PATHS = NO;
				CLANG_ANALYZER_NONNULL = YES;
				CLANG_ANALYZER_NUMBER_OBJECT_CONVERSION = YES_AGGRESSIVE;
				CLANG_CXX_LANGUAGE_STANDARD = "gnu++17";
				CLANG_ENABLE_MODULES = YES;
				CLANG_ENABLE_OBJC_ARC = YES;
				CLANG_ENABLE_OBJC_WEAK = YES;
				CLANG_WARN_BLOCK_CAPTURE_AUTORELEASING = YES;
				CLANG_WARN_BOOL_CONVERSION = YES;
				CLANG_WARN_COMMA = YES;
				CLANG_WARN_CONSTANT_CONVERSION = YES;
				CLANG_WARN_DEPRECATED_OBJC_IMPLEMENTATIONS = YES;
				CLANG_WARN_DIRECT_OBJC_ISA_USAGE = YES_ERROR;
				CLANG_WARN_DOCUMENTATION_COMMENTS = YES;
				CLANG_WARN_EMPTY_BODY = YES;
				CLANG_WARN_ENUM_CONVERSION = YES;
				CLANG_WARN_INFINITE_RECURSION = YES;
				CLANG_WARN_INT_CONVERSION = YES;
				CLANG_WARN_NON_LITERAL_NULL_CONVERSION = YES;
				CLANG_WARN_OBJC_IMPLICIT_RETAIN_SELF = YES;
				CLANG_WARN_OBJC_LITERAL_CONVERSION = YES;
				CLANG_WARN_OBJC_ROOT_CLASS = YES_ERROR;
				CLANG_WARN_QUOTED_INCLUDE_IN_FRAMEWORK_HEADER = YES;
				CLANG_WARN_RANGE_LOOP_ANALYSIS = YES;
				CLANG_WARN_STRICT_PROTOTYPES = YES;
				CLANG_WARN_SUSPICIOUS_MOVE = YES;
				CLANG_WARN_UNGUARDED_AVAILABILITY = YES_AGGRESSIVE;
				CLANG_WARN_UNREACHABLE_CODE = YES;
				CLANG_WARN__DUPLICATE_METHOD_MATCH = YES;
				COPY_PHASE_STRIP = NO;
				DEBUG_INFORMATION_FORMAT = dwarf;
				ENABLE_STRICT_OBJC_MSGSEND = YES;
				ENABLE_TESTABILITY = YES;
				GCC_C_LANGUAGE_STANDARD = gnu11;
				GCC_DYNAMIC_NO_PIC = NO;
				GCC_NO_COMMON_BLOCKS = YES;
				GCC_OPTIMIZATION_LEVEL = 0;
				GCC_PREPROCESSOR_DEFINITIONS = (
					"DEBUG=1",
					"$(inherited)",
				);
				GCC_WARN_64_TO_32_BIT_CONVERSION = YES;
				GCC_WARN_ABOUT_RETURN_TYPE = YES_ERROR;
				GCC_WARN_UNDECLARED_SELECTOR = YES;
				GCC_WARN_UNINITIALIZED_AUTOS = YES_AGGRESSIVE;
				GCC_WARN_UNUSED_FUNCTION = YES;
				GCC_WARN_UNUSED_VARIABLE = YES;
				IPHONEOS_DEPLOYMENT_TARGET = 15.5;
				MTL_ENABLE_DEBUG_INFO = INCLUDE_SOURCE;
				MTL_FAST_MATH = YES;
				ONLY_ACTIVE_ARCH = YES;
				SDKROOT = iphoneos;
				SWIFT_ACTIVE_COMPILATION_CONDITIONS = DEBUG;
				SWIFT_OPTIMIZATION_LEVEL = "-Onone";
			};
			name = Debug;
		};
		9A6A640A287CB97E004A3161 /* Release */ = {
			isa = XCBuildConfiguration;
			buildSettings = {
				ALWAYS_SEARCH_USER_PATHS = NO;
				CLANG_ANALYZER_NONNULL = YES;
				CLANG_ANALYZER_NUMBER_OBJECT_CONVERSION = YES_AGGRESSIVE;
				CLANG_CXX_LANGUAGE_STANDARD = "gnu++17";
				CLANG_ENABLE_MODULES = YES;
				CLANG_ENABLE_OBJC_ARC = YES;
				CLANG_ENABLE_OBJC_WEAK = YES;
				CLANG_WARN_BLOCK_CAPTURE_AUTORELEASING = YES;
				CLANG_WARN_BOOL_CONVERSION = YES;
				CLANG_WARN_COMMA = YES;
				CLANG_WARN_CONSTANT_CONVERSION = YES;
				CLANG_WARN_DEPRECATED_OBJC_IMPLEMENTATIONS = YES;
				CLANG_WARN_DIRECT_OBJC_ISA_USAGE = YES_ERROR;
				CLANG_WARN_DOCUMENTATION_COMMENTS = YES;
				CLANG_WARN_EMPTY_BODY = YES;
				CLANG_WARN_ENUM_CONVERSION = YES;
				CLANG_WARN_INFINITE_RECURSION = YES;
				CLANG_WARN_INT_CONVERSION = YES;
				CLANG_WARN_NON_LITERAL_NULL_CONVERSION = YES;
				CLANG_WARN_OBJC_IMPLICIT_RETAIN_SELF = YES;
				CLANG_WARN_OBJC_LITERAL_CONVERSION = YES;
				CLANG_WARN_OBJC_ROOT_CLASS = YES_ERROR;
				CLANG_WARN_QUOTED_INCLUDE_IN_FRAMEWORK_HEADER = YES;
				CLANG_WARN_RANGE_LOOP_ANALYSIS = YES;
				CLANG_WARN_STRICT_PROTOTYPES = YES;
				CLANG_WARN_SUSPICIOUS_MOVE = YES;
				CLANG_WARN_UNGUARDED_AVAILABILITY = YES_AGGRESSIVE;
				CLANG_WARN_UNREACHABLE_CODE = YES;
				CLANG_WARN__DUPLICATE_METHOD_MATCH = YES;
				COPY_PHASE_STRIP = NO;
				DEBUG_INFORMATION_FORMAT = "dwarf-with-dsym";
				ENABLE_NS_ASSERTIONS = NO;
				ENABLE_STRICT_OBJC_MSGSEND = YES;
				GCC_C_LANGUAGE_STANDARD = gnu11;
				GCC_NO_COMMON_BLOCKS = YES;
				GCC_WARN_64_TO_32_BIT_CONVERSION = YES;
				GCC_WARN_ABOUT_RETURN_TYPE = YES_ERROR;
				GCC_WARN_UNDECLARED_SELECTOR = YES;
				GCC_WARN_UNINITIALIZED_AUTOS = YES_AGGRESSIVE;
				GCC_WARN_UNUSED_FUNCTION = YES;
				GCC_WARN_UNUSED_VARIABLE = YES;
				IPHONEOS_DEPLOYMENT_TARGET = 15.5;
				MTL_ENABLE_DEBUG_INFO = NO;
				MTL_FAST_MATH = YES;
				SDKROOT = iphoneos;
				SWIFT_COMPILATION_MODE = wholemodule;
				SWIFT_OPTIMIZATION_LEVEL = "-O";
				VALIDATE_PRODUCT = YES;
			};
			name = Release;
		};
		9A6A640C287CB97E004A3161 /* Debug */ = {
			isa = XCBuildConfiguration;
			buildSettings = {
				ASSETCATALOG_COMPILER_APPICON_NAME = AppIcon;
				ASSETCATALOG_COMPILER_GLOBAL_ACCENT_COLOR_NAME = AccentColor;
				CODE_SIGN_STYLE = Automatic;
				CURRENT_PROJECT_VERSION = 1;
				DEVELOPMENT_TEAM = 9BZ4794R5K;
				GENERATE_INFOPLIST_FILE = YES;
				INFOPLIST_FILE = "Galaktion Nizharadze, Assignment #15/SupportingFiles/Info.plist";
				INFOPLIST_KEY_UIApplicationSupportsIndirectInputEvents = YES;
				INFOPLIST_KEY_UILaunchStoryboardName = LaunchScreen;
				INFOPLIST_KEY_UIMainStoryboardFile = Main;
				INFOPLIST_KEY_UISupportedInterfaceOrientations_iPad = "UIInterfaceOrientationPortrait UIInterfaceOrientationPortraitUpsideDown UIInterfaceOrientationLandscapeLeft UIInterfaceOrientationLandscapeRight";
				INFOPLIST_KEY_UISupportedInterfaceOrientations_iPhone = "UIInterfaceOrientationPortrait UIInterfaceOrientationLandscapeLeft UIInterfaceOrientationLandscapeRight";
				LD_RUNPATH_SEARCH_PATHS = (
					"$(inherited)",
					"@executable_path/Frameworks",
				);
				MARKETING_VERSION = 1.0;
				PRODUCT_BUNDLE_IDENTIFIER = "com.tbcbootcamp.Galaktion-Nizharadze--Assignment--15";
				PRODUCT_NAME = "$(TARGET_NAME)";
				SWIFT_EMIT_LOC_STRINGS = YES;
				SWIFT_VERSION = 5.0;
				TARGETED_DEVICE_FAMILY = "1,2";
			};
			name = Debug;
		};
		9A6A640D287CB97E004A3161 /* Release */ = {
			isa = XCBuildConfiguration;
			buildSettings = {
				ASSETCATALOG_COMPILER_APPICON_NAME = AppIcon;
				ASSETCATALOG_COMPILER_GLOBAL_ACCENT_COLOR_NAME = AccentColor;
				CODE_SIGN_STYLE = Automatic;
				CURRENT_PROJECT_VERSION = 1;
				DEVELOPMENT_TEAM = 9BZ4794R5K;
				GENERATE_INFOPLIST_FILE = YES;
				INFOPLIST_FILE = "Galaktion Nizharadze, Assignment #15/SupportingFiles/Info.plist";
				INFOPLIST_KEY_UIApplicationSupportsIndirectInputEvents = YES;
				INFOPLIST_KEY_UILaunchStoryboardName = LaunchScreen;
				INFOPLIST_KEY_UIMainStoryboardFile = Main;
				INFOPLIST_KEY_UISupportedInterfaceOrientations_iPad = "UIInterfaceOrientationPortrait UIInterfaceOrientationPortraitUpsideDown UIInterfaceOrientationLandscapeLeft UIInterfaceOrientationLandscapeRight";
				INFOPLIST_KEY_UISupportedInterfaceOrientations_iPhone = "UIInterfaceOrientationPortrait UIInterfaceOrientationLandscapeLeft UIInterfaceOrientationLandscapeRight";
				LD_RUNPATH_SEARCH_PATHS = (
					"$(inherited)",
					"@executable_path/Frameworks",
				);
				MARKETING_VERSION = 1.0;
				PRODUCT_BUNDLE_IDENTIFIER = "com.tbcbootcamp.Galaktion-Nizharadze--Assignment--15";
				PRODUCT_NAME = "$(TARGET_NAME)";
				SWIFT_EMIT_LOC_STRINGS = YES;
				SWIFT_VERSION = 5.0;
				TARGETED_DEVICE_FAMILY = "1,2";
			};
			name = Release;
		};
/* End XCBuildConfiguration section */

/* Begin XCConfigurationList section */
		9A6A63F2287CB97C004A3161 /* Build configuration list for PBXProject "Galaktion Nizharadze, Assignment #15" */ = {
			isa = XCConfigurationList;
			buildConfigurations = (
				9A6A6409287CB97E004A3161 /* Debug */,
				9A6A640A287CB97E004A3161 /* Release */,
			);
			defaultConfigurationIsVisible = 0;
			defaultConfigurationName = Release;
		};
		9A6A640B287CB97E004A3161 /* Build configuration list for PBXNativeTarget "Galaktion Nizharadze, Assignment #15" */ = {
			isa = XCConfigurationList;
			buildConfigurations = (
				9A6A640C287CB97E004A3161 /* Debug */,
				9A6A640D287CB97E004A3161 /* Release */,
			);
			defaultConfigurationIsVisible = 0;
			defaultConfigurationName = Release;
		};
/* End XCConfigurationList section */
	};
	rootObject = 9A6A63EF287CB97C004A3161 /* Project object */;
}
